// !$*UTF8*$!
{
	archiveVersion = 1;
	classes = {
	};
	objectVersion = 55;
	objects = {

/* Begin PBXBuildFile section */
		0703F936282D2DAB00CD3F17 /* HeaderView.swift in Sources */ = {isa = PBXBuildFile; fileRef = 0703F935282D2DAB00CD3F17 /* HeaderView.swift */; };
		0703F938282D349700CD3F17 /* HeaderModel.swift in Sources */ = {isa = PBXBuildFile; fileRef = 0703F937282D349700CD3F17 /* HeaderModel.swift */; };
		0703F93A282D350A00CD3F17 /* HeaderData.swift in Sources */ = {isa = PBXBuildFile; fileRef = 0703F939282D350A00CD3F17 /* HeaderData.swift */; };
		0703F93C282D39FC00CD3F17 /* DishesView.swift in Sources */ = {isa = PBXBuildFile; fileRef = 0703F93B282D39FB00CD3F17 /* DishesView.swift */; };
		0703F93E282D428200CD3F17 /* FactsView.swift in Sources */ = {isa = PBXBuildFile; fileRef = 0703F93D282D428200CD3F17 /* FactsView.swift */; };
		0703F940282D468F00CD3F17 /* FactModel.swift in Sources */ = {isa = PBXBuildFile; fileRef = 0703F93F282D468F00CD3F17 /* FactModel.swift */; };
		0703F942282D470300CD3F17 /* FactData.swift in Sources */ = {isa = PBXBuildFile; fileRef = 0703F941282D470300CD3F17 /* FactData.swift */; };
		072D27BD282E41FD00DA03D4 /* RecipeModel.swift in Sources */ = {isa = PBXBuildFile; fileRef = 072D27BC282E41FD00DA03D4 /* RecipeModel.swift */; };
		072D27BF282E42DD00DA03D4 /* RecipeData.swift in Sources */ = {isa = PBXBuildFile; fileRef = 072D27BE282E42DD00DA03D4 /* RecipeData.swift */; };
		072D27C1282E436700DA03D4 /* RecipeCardView.swift in Sources */ = {isa = PBXBuildFile; fileRef = 072D27C0282E436700DA03D4 /* RecipeCardView.swift */; };
		072D27C3282E4BE500DA03D4 /* RecipeRatingView.swift in Sources */ = {isa = PBXBuildFile; fileRef = 072D27C2282E4BE500DA03D4 /* RecipeRatingView.swift */; };
		072D27C5282E4D5700DA03D4 /* RecipeCookingView.swift in Sources */ = {isa = PBXBuildFile; fileRef = 072D27C4282E4D5700DA03D4 /* RecipeCookingView.swift */; };
		072D27C7282E4E5B00DA03D4 /* RecipeDetailView.swift in Sources */ = {isa = PBXBuildFile; fileRef = 072D27C6282E4E5B00DA03D4 /* RecipeDetailView.swift */; };
		072D27C9282E5E5300DA03D4 /* RipeningView.swift in Sources */ = {isa = PBXBuildFile; fileRef = 072D27C8282E5E5200DA03D4 /* RipeningView.swift */; };
		072D27CB282E68C300DA03D4 /* RipeningModel.swift in Sources */ = {isa = PBXBuildFile; fileRef = 072D27CA282E68C300DA03D4 /* RipeningModel.swift */; };
		072D27CD282E694300DA03D4 /* RipeningData.swift in Sources */ = {isa = PBXBuildFile; fileRef = 072D27CC282E694300DA03D4 /* RipeningData.swift */; };
		07353ADB282D062300697E1E /* AvocadosApp.swift in Sources */ = {isa = PBXBuildFile; fileRef = 07353ADA282D062300697E1E /* AvocadosApp.swift */; };
		07353ADD282D062300697E1E /* ContentView.swift in Sources */ = {isa = PBXBuildFile; fileRef = 07353ADC282D062300697E1E /* ContentView.swift */; };
		07353ADF282D062700697E1E /* Assets.xcassets in Resources */ = {isa = PBXBuildFile; fileRef = 07353ADE282D062700697E1E /* Assets.xcassets */; };
		07353AE2282D062700697E1E /* Preview Assets.xcassets in Resources */ = {isa = PBXBuildFile; fileRef = 07353AE1282D062700697E1E /* Preview Assets.xcassets */; };
		07353AF1282D0F1400697E1E /* LaunchScreen.storyboard in Resources */ = {isa = PBXBuildFile; fileRef = 07353AF0282D0F1400697E1E /* LaunchScreen.storyboard */; };
		07353AF6282D12D500697E1E /* AvocadosView.swift in Sources */ = {isa = PBXBuildFile; fileRef = 07353AF5282D12D500697E1E /* AvocadosView.swift */; };
		07353AF8282D12F300697E1E /* RipeningStagesView.swift in Sources */ = {isa = PBXBuildFile; fileRef = 07353AF7282D12F300697E1E /* RipeningStagesView.swift */; };
		07353AFA282D131B00697E1E /* SettingsView.swift in Sources */ = {isa = PBXBuildFile; fileRef = 07353AF9282D131B00697E1E /* SettingsView.swift */; };
		07353AFC282D133500697E1E /* AppView.swift in Sources */ = {isa = PBXBuildFile; fileRef = 07353AFB282D133500697E1E /* AppView.swift */; };
/* End PBXBuildFile section */

/* Begin PBXFileReference section */
		0703F935282D2DAB00CD3F17 /* HeaderView.swift */ = {isa = PBXFileReference; lastKnownFileType = sourcecode.swift; path = HeaderView.swift; sourceTree = "<group>"; };
		0703F937282D349700CD3F17 /* HeaderModel.swift */ = {isa = PBXFileReference; lastKnownFileType = sourcecode.swift; path = HeaderModel.swift; sourceTree = "<group>"; };
		0703F939282D350A00CD3F17 /* HeaderData.swift */ = {isa = PBXFileReference; lastKnownFileType = sourcecode.swift; path = HeaderData.swift; sourceTree = "<group>"; };
		0703F93B282D39FB00CD3F17 /* DishesView.swift */ = {isa = PBXFileReference; lastKnownFileType = sourcecode.swift; path = DishesView.swift; sourceTree = "<group>"; };
		0703F93D282D428200CD3F17 /* FactsView.swift */ = {isa = PBXFileReference; lastKnownFileType = sourcecode.swift; path = FactsView.swift; sourceTree = "<group>"; };
		0703F93F282D468F00CD3F17 /* FactModel.swift */ = {isa = PBXFileReference; lastKnownFileType = sourcecode.swift; path = FactModel.swift; sourceTree = "<group>"; };
		0703F941282D470300CD3F17 /* FactData.swift */ = {isa = PBXFileReference; lastKnownFileType = sourcecode.swift; path = FactData.swift; sourceTree = "<group>"; };
		072D27BC282E41FD00DA03D4 /* RecipeModel.swift */ = {isa = PBXFileReference; lastKnownFileType = sourcecode.swift; path = RecipeModel.swift; sourceTree = "<group>"; };
		072D27BE282E42DD00DA03D4 /* RecipeData.swift */ = {isa = PBXFileReference; lastKnownFileType = sourcecode.swift; path = RecipeData.swift; sourceTree = "<group>"; };
		072D27C0282E436700DA03D4 /* RecipeCardView.swift */ = {isa = PBXFileReference; lastKnownFileType = sourcecode.swift; path = RecipeCardView.swift; sourceTree = "<group>"; };
		072D27C2282E4BE500DA03D4 /* RecipeRatingView.swift */ = {isa = PBXFileReference; lastKnownFileType = sourcecode.swift; path = RecipeRatingView.swift; sourceTree = "<group>"; };
		072D27C4282E4D5700DA03D4 /* RecipeCookingView.swift */ = {isa = PBXFileReference; lastKnownFileType = sourcecode.swift; path = RecipeCookingView.swift; sourceTree = "<group>"; };
		072D27C6282E4E5B00DA03D4 /* RecipeDetailView.swift */ = {isa = PBXFileReference; lastKnownFileType = sourcecode.swift; path = RecipeDetailView.swift; sourceTree = "<group>"; };
		072D27C8282E5E5200DA03D4 /* RipeningView.swift */ = {isa = PBXFileReference; lastKnownFileType = sourcecode.swift; path = RipeningView.swift; sourceTree = "<group>"; };
		072D27CA282E68C300DA03D4 /* RipeningModel.swift */ = {isa = PBXFileReference; lastKnownFileType = sourcecode.swift; path = RipeningModel.swift; sourceTree = "<group>"; };
		072D27CC282E694300DA03D4 /* RipeningData.swift */ = {isa = PBXFileReference; lastKnownFileType = sourcecode.swift; path = RipeningData.swift; sourceTree = "<group>"; };
		07353AD7282D062300697E1E /* Avocados.app */ = {isa = PBXFileReference; explicitFileType = wrapper.application; includeInIndex = 0; path = Avocados.app; sourceTree = BUILT_PRODUCTS_DIR; };
		07353ADA282D062300697E1E /* AvocadosApp.swift */ = {isa = PBXFileReference; lastKnownFileType = sourcecode.swift; path = AvocadosApp.swift; sourceTree = "<group>"; };
		07353ADC282D062300697E1E /* ContentView.swift */ = {isa = PBXFileReference; lastKnownFileType = sourcecode.swift; path = ContentView.swift; sourceTree = "<group>"; };
		07353ADE282D062700697E1E /* Assets.xcassets */ = {isa = PBXFileReference; lastKnownFileType = folder.assetcatalog; path = Assets.xcassets; sourceTree = "<group>"; };
		07353AE1282D062700697E1E /* Preview Assets.xcassets */ = {isa = PBXFileReference; lastKnownFileType = folder.assetcatalog; path = "Preview Assets.xcassets"; sourceTree = "<group>"; };
		07353AE8282D0C8600697E1E /* Info.plist */ = {isa = PBXFileReference; lastKnownFileType = text.plist; path = Info.plist; sourceTree = "<group>"; };
		07353AF0282D0F1400697E1E /* LaunchScreen.storyboard */ = {isa = PBXFileReference; lastKnownFileType = file.storyboard; path = LaunchScreen.storyboard; sourceTree = "<group>"; };
		07353AF5282D12D500697E1E /* AvocadosView.swift */ = {isa = PBXFileReference; lastKnownFileType = sourcecode.swift; path = AvocadosView.swift; sourceTree = "<group>"; };
		07353AF7282D12F300697E1E /* RipeningStagesView.swift */ = {isa = PBXFileReference; lastKnownFileType = sourcecode.swift; path = RipeningStagesView.swift; sourceTree = "<group>"; };
		07353AF9282D131B00697E1E /* SettingsView.swift */ = {isa = PBXFileReference; lastKnownFileType = sourcecode.swift; path = SettingsView.swift; sourceTree = "<group>"; };
		07353AFB282D133500697E1E /* AppView.swift */ = {isa = PBXFileReference; lastKnownFileType = sourcecode.swift; path = AppView.swift; sourceTree = "<group>"; };
/* End PBXFileReference section */

/* Begin PBXFrameworksBuildPhase section */
		07353AD4282D062200697E1E /* Frameworks */ = {
			isa = PBXFrameworksBuildPhase;
			buildActionMask = 2147483647;
			files = (
			);
			runOnlyForDeploymentPostprocessing = 0;
		};
/* End PBXFrameworksBuildPhase section */

/* Begin PBXGroup section */
		07353ACE282D062200697E1E = {
			isa = PBXGroup;
			children = (
				07353AD9282D062300697E1E /* Avocados */,
				07353AD8282D062300697E1E /* Products */,
			);
			sourceTree = "<group>";
		};
		07353AD8282D062300697E1E /* Products */ = {
			isa = PBXGroup;
			children = (
				07353AD7282D062300697E1E /* Avocados.app */,
			);
			name = Products;
			sourceTree = "<group>";
		};
		07353AD9282D062300697E1E /* Avocados */ = {
			isa = PBXGroup;
			children = (
				07353AF4282D12A800697E1E /* View */,
				07353AF3282D12A100697E1E /* Model */,
				07353AF2282D129400697E1E /* Data */,
				07353AE8282D0C8600697E1E /* Info.plist */,
				07353ADA282D062300697E1E /* AvocadosApp.swift */,
				07353ADE282D062700697E1E /* Assets.xcassets */,
				07353AE0282D062700697E1E /* Preview Content */,
				07353AF0282D0F1400697E1E /* LaunchScreen.storyboard */,
			);
			path = Avocados;
			sourceTree = "<group>";
		};
		07353AE0282D062700697E1E /* Preview Content */ = {
			isa = PBXGroup;
			children = (
				07353AE1282D062700697E1E /* Preview Assets.xcassets */,
			);
			path = "Preview Content";
			sourceTree = "<group>";
		};
		07353AF2282D129400697E1E /* Data */ = {
			isa = PBXGroup;
			children = (
				0703F939282D350A00CD3F17 /* HeaderData.swift */,
				0703F941282D470300CD3F17 /* FactData.swift */,
				072D27BE282E42DD00DA03D4 /* RecipeData.swift */,
				072D27CC282E694300DA03D4 /* RipeningData.swift */,
			);
			path = Data;
			sourceTree = "<group>";
		};
		07353AF3282D12A100697E1E /* Model */ = {
			isa = PBXGroup;
			children = (
				0703F937282D349700CD3F17 /* HeaderModel.swift */,
				0703F93F282D468F00CD3F17 /* FactModel.swift */,
				072D27BC282E41FD00DA03D4 /* RecipeModel.swift */,
				072D27CA282E68C300DA03D4 /* RipeningModel.swift */,
			);
			path = Model;
			sourceTree = "<group>";
		};
		07353AF4282D12A800697E1E /* View */ = {
			isa = PBXGroup;
			children = (
				07353ADC282D062300697E1E /* ContentView.swift */,
				07353AF5282D12D500697E1E /* AvocadosView.swift */,
				07353AF7282D12F300697E1E /* RipeningStagesView.swift */,
				07353AF9282D131B00697E1E /* SettingsView.swift */,
				07353AFB282D133500697E1E /* AppView.swift */,
				0703F935282D2DAB00CD3F17 /* HeaderView.swift */,
				0703F93B282D39FB00CD3F17 /* DishesView.swift */,
				0703F93D282D428200CD3F17 /* FactsView.swift */,
				072D27C0282E436700DA03D4 /* RecipeCardView.swift */,
				072D27C2282E4BE500DA03D4 /* RecipeRatingView.swift */,
				072D27C4282E4D5700DA03D4 /* RecipeCookingView.swift */,
				072D27C6282E4E5B00DA03D4 /* RecipeDetailView.swift */,
				072D27C8282E5E5200DA03D4 /* RipeningView.swift */,
			);
			path = View;
			sourceTree = "<group>";
		};
/* End PBXGroup section */

/* Begin PBXNativeTarget section */
		07353AD6282D062200697E1E /* Avocados */ = {
			isa = PBXNativeTarget;
			buildConfigurationList = 07353AE5282D062700697E1E /* Build configuration list for PBXNativeTarget "Avocados" */;
			buildPhases = (
				07353AD3282D062200697E1E /* Sources */,
				07353AD4282D062200697E1E /* Frameworks */,
				07353AD5282D062200697E1E /* Resources */,
			);
			buildRules = (
			);
			dependencies = (
			);
			name = Avocados;
			productName = Avocados;
			productReference = 07353AD7282D062300697E1E /* Avocados.app */;
			productType = "com.apple.product-type.application";
		};
/* End PBXNativeTarget section */

/* Begin PBXProject section */
		07353ACF282D062200697E1E /* Project object */ = {
			isa = PBXProject;
			attributes = {
				BuildIndependentTargetsInParallel = 1;
				LastSwiftUpdateCheck = 1330;
				LastUpgradeCheck = 1330;
				TargetAttributes = {
					07353AD6282D062200697E1E = {
						CreatedOnToolsVersion = 13.3.1;
					};
				};
			};
			buildConfigurationList = 07353AD2282D062200697E1E /* Build configuration list for PBXProject "Avocados" */;
			compatibilityVersion = "Xcode 13.0";
			developmentRegion = en;
			hasScannedForEncodings = 0;
			knownRegions = (
				en,
				Base,
			);
			mainGroup = 07353ACE282D062200697E1E;
			productRefGroup = 07353AD8282D062300697E1E /* Products */;
			projectDirPath = "";
			projectRoot = "";
			targets = (
				07353AD6282D062200697E1E /* Avocados */,
			);
		};
/* End PBXProject section */

/* Begin PBXResourcesBuildPhase section */
		07353AD5282D062200697E1E /* Resources */ = {
			isa = PBXResourcesBuildPhase;
			buildActionMask = 2147483647;
			files = (
				07353AF1282D0F1400697E1E /* LaunchScreen.storyboard in Resources */,
				07353AE2282D062700697E1E /* Preview Assets.xcassets in Resources */,
				07353ADF282D062700697E1E /* Assets.xcassets in Resources */,
			);
			runOnlyForDeploymentPostprocessing = 0;
		};
/* End PBXResourcesBuildPhase section */

/* Begin PBXSourcesBuildPhase section */
		07353AD3282D062200697E1E /* Sources */ = {
			isa = PBXSourcesBuildPhase;
			buildActionMask = 2147483647;
			files = (
				07353AFA282D131B00697E1E /* SettingsView.swift in Sources */,
				072D27C3282E4BE500DA03D4 /* RecipeRatingView.swift in Sources */,
				072D27CB282E68C300DA03D4 /* RipeningModel.swift in Sources */,
				07353ADD282D062300697E1E /* ContentView.swift in Sources */,
				07353AFC282D133500697E1E /* AppView.swift in Sources */,
				072D27CD282E694300DA03D4 /* RipeningData.swift in Sources */,
				07353AF8282D12F300697E1E /* RipeningStagesView.swift in Sources */,
				07353ADB282D062300697E1E /* AvocadosApp.swift in Sources */,
				0703F940282D468F00CD3F17 /* FactModel.swift in Sources */,
				07353AF6282D12D500697E1E /* AvocadosView.swift in Sources */,
				072D27BD282E41FD00DA03D4 /* RecipeModel.swift in Sources */,
				0703F938282D349700CD3F17 /* HeaderModel.swift in Sources */,
				0703F93A282D350A00CD3F17 /* HeaderData.swift in Sources */,
				072D27C5282E4D5700DA03D4 /* RecipeCookingView.swift in Sources */,
				072D27C9282E5E5300DA03D4 /* RipeningView.swift in Sources */,
				0703F93C282D39FC00CD3F17 /* DishesView.swift in Sources */,
				0703F93E282D428200CD3F17 /* FactsView.swift in Sources */,
				072D27C1282E436700DA03D4 /* RecipeCardView.swift in Sources */,
				072D27BF282E42DD00DA03D4 /* RecipeData.swift in Sources */,
				0703F936282D2DAB00CD3F17 /* HeaderView.swift in Sources */,
				072D27C7282E4E5B00DA03D4 /* RecipeDetailView.swift in Sources */,
				0703F942282D470300CD3F17 /* FactData.swift in Sources */,
			);
			runOnlyForDeploymentPostprocessing = 0;
		};
/* End PBXSourcesBuildPhase section */

/* Begin XCBuildConfiguration section */
		07353AE3282D062700697E1E /* Debug */ = {
			isa = XCBuildConfiguration;
			buildSettings = {
				ALWAYS_SEARCH_USER_PATHS = NO;
				CLANG_ANALYZER_NONNULL = YES;
				CLANG_ANALYZER_NUMBER_OBJECT_CONVERSION = YES_AGGRESSIVE;
				CLANG_CXX_LANGUAGE_STANDARD = "gnu++17";
				CLANG_ENABLE_MODULES = YES;
				CLANG_ENABLE_OBJC_ARC = YES;
				CLANG_ENABLE_OBJC_WEAK = YES;
				CLANG_WARN_BLOCK_CAPTURE_AUTORELEASING = YES;
				CLANG_WARN_BOOL_CONVERSION = YES;
				CLANG_WARN_COMMA = YES;
				CLANG_WARN_CONSTANT_CONVERSION = YES;
				CLANG_WARN_DEPRECATED_OBJC_IMPLEMENTATIONS = YES;
				CLANG_WARN_DIRECT_OBJC_ISA_USAGE = YES_ERROR;
				CLANG_WARN_DOCUMENTATION_COMMENTS = YES;
				CLANG_WARN_EMPTY_BODY = YES;
				CLANG_WARN_ENUM_CONVERSION = YES;
				CLANG_WARN_INFINITE_RECURSION = YES;
				CLANG_WARN_INT_CONVERSION = YES;
				CLANG_WARN_NON_LITERAL_NULL_CONVERSION = YES;
				CLANG_WARN_OBJC_IMPLICIT_RETAIN_SELF = YES;
				CLANG_WARN_OBJC_LITERAL_CONVERSION = YES;
				CLANG_WARN_OBJC_ROOT_CLASS = YES_ERROR;
				CLANG_WARN_QUOTED_INCLUDE_IN_FRAMEWORK_HEADER = YES;
				CLANG_WARN_RANGE_LOOP_ANALYSIS = YES;
				CLANG_WARN_STRICT_PROTOTYPES = YES;
				CLANG_WARN_SUSPICIOUS_MOVE = YES;
				CLANG_WARN_UNGUARDED_AVAILABILITY = YES_AGGRESSIVE;
				CLANG_WARN_UNREACHABLE_CODE = YES;
				CLANG_WARN__DUPLICATE_METHOD_MATCH = YES;
				COPY_PHASE_STRIP = NO;
				DEBUG_INFORMATION_FORMAT = dwarf;
				ENABLE_STRICT_OBJC_MSGSEND = YES;
				ENABLE_TESTABILITY = YES;
				GCC_C_LANGUAGE_STANDARD = gnu11;
				GCC_DYNAMIC_NO_PIC = NO;
				GCC_NO_COMMON_BLOCKS = YES;
				GCC_OPTIMIZATION_LEVEL = 0;
				GCC_PREPROCESSOR_DEFINITIONS = (
					"DEBUG=1",
					"$(inherited)",
				);
				GCC_WARN_64_TO_32_BIT_CONVERSION = YES;
				GCC_WARN_ABOUT_RETURN_TYPE = YES_ERROR;
				GCC_WARN_UNDECLARED_SELECTOR = YES;
				GCC_WARN_UNINITIALIZED_AUTOS = YES_AGGRESSIVE;
				GCC_WARN_UNUSED_FUNCTION = YES;
				GCC_WARN_UNUSED_VARIABLE = YES;
				IPHONEOS_DEPLOYMENT_TARGET = 15.4;
				MTL_ENABLE_DEBUG_INFO = INCLUDE_SOURCE;
				MTL_FAST_MATH = YES;
				ONLY_ACTIVE_ARCH = YES;
				SDKROOT = iphoneos;
				SWIFT_ACTIVE_COMPILATION_CONDITIONS = DEBUG;
				SWIFT_OPTIMIZATION_LEVEL = "-Onone";
			};
			name = Debug;
		};
		07353AE4282D062700697E1E /* Release */ = {
			isa = XCBuildConfiguration;
			buildSettings = {
				ALWAYS_SEARCH_USER_PATHS = NO;
				CLANG_ANALYZER_NONNULL = YES;
				CLANG_ANALYZER_NUMBER_OBJECT_CONVERSION = YES_AGGRESSIVE;
				CLANG_CXX_LANGUAGE_STANDARD = "gnu++17";
				CLANG_ENABLE_MODULES = YES;
				CLANG_ENABLE_OBJC_ARC = YES;
				CLANG_ENABLE_OBJC_WEAK = YES;
				CLANG_WARN_BLOCK_CAPTURE_AUTORELEASING = YES;
				CLANG_WARN_BOOL_CONVERSION = YES;
				CLANG_WARN_COMMA = YES;
				CLANG_WARN_CONSTANT_CONVERSION = YES;
				CLANG_WARN_DEPRECATED_OBJC_IMPLEMENTATIONS = YES;
				CLANG_WARN_DIRECT_OBJC_ISA_USAGE = YES_ERROR;
				CLANG_WARN_DOCUMENTATION_COMMENTS = YES;
				CLANG_WARN_EMPTY_BODY = YES;
				CLANG_WARN_ENUM_CONVERSION = YES;
				CLANG_WARN_INFINITE_RECURSION = YES;
				CLANG_WARN_INT_CONVERSION = YES;
				CLANG_WARN_NON_LITERAL_NULL_CONVERSION = YES;
				CLANG_WARN_OBJC_IMPLICIT_RETAIN_SELF = YES;
				CLANG_WARN_OBJC_LITERAL_CONVERSION = YES;
				CLANG_WARN_OBJC_ROOT_CLASS = YES_ERROR;
				CLANG_WARN_QUOTED_INCLUDE_IN_FRAMEWORK_HEADER = YES;
				CLANG_WARN_RANGE_LOOP_ANALYSIS = YES;
				CLANG_WARN_STRICT_PROTOTYPES = YES;
				CLANG_WARN_SUSPICIOUS_MOVE = YES;
				CLANG_WARN_UNGUARDED_AVAILABILITY = YES_AGGRESSIVE;
				CLANG_WARN_UNREACHABLE_CODE = YES;
				CLANG_WARN__DUPLICATE_METHOD_MATCH = YES;
				COPY_PHASE_STRIP = NO;
				DEBUG_INFORMATION_FORMAT = "dwarf-with-dsym";
				ENABLE_NS_ASSERTIONS = NO;
				ENABLE_STRICT_OBJC_MSGSEND = YES;
				GCC_C_LANGUAGE_STANDARD = gnu11;
				GCC_NO_COMMON_BLOCKS = YES;
				GCC_WARN_64_TO_32_BIT_CONVERSION = YES;
				GCC_WARN_ABOUT_RETURN_TYPE = YES_ERROR;
				GCC_WARN_UNDECLARED_SELECTOR = YES;
				GCC_WARN_UNINITIALIZED_AUTOS = YES_AGGRESSIVE;
				GCC_WARN_UNUSED_FUNCTION = YES;
				GCC_WARN_UNUSED_VARIABLE = YES;
				IPHONEOS_DEPLOYMENT_TARGET = 15.4;
				MTL_ENABLE_DEBUG_INFO = NO;
				MTL_FAST_MATH = YES;
				SDKROOT = iphoneos;
				SWIFT_COMPILATION_MODE = wholemodule;
				SWIFT_OPTIMIZATION_LEVEL = "-O";
				VALIDATE_PRODUCT = YES;
			};
			name = Release;
		};
		07353AE6282D062700697E1E /* Debug */ = {
			isa = XCBuildConfiguration;
			buildSettings = {
				ASSETCATALOG_COMPILER_APPICON_NAME = AppIcon;
				ASSETCATALOG_COMPILER_GLOBAL_ACCENT_COLOR_NAME = AccentColor;
				CODE_SIGN_STYLE = Automatic;
				CURRENT_PROJECT_VERSION = 1;
				DEVELOPMENT_ASSET_PATHS = "\"Avocados/Preview Content\"";
				DEVELOPMENT_TEAM = HK6822P437;
				ENABLE_PREVIEWS = YES;
				GENERATE_INFOPLIST_FILE = YES;
				INFOPLIST_FILE = Avocados/Info.plist;
				INFOPLIST_KEY_UIApplicationSceneManifest_Generation = YES;
				INFOPLIST_KEY_UIApplicationSupportsIndirectInputEvents = YES;
				INFOPLIST_KEY_UILaunchScreen_Generation = YES;
				INFOPLIST_KEY_UILaunchStoryboardName = LaunchScreen;
				INFOPLIST_KEY_UISupportedInterfaceOrientations = UIInterfaceOrientationPortrait;
				INFOPLIST_KEY_UISupportedInterfaceOrientations_iPad = "UIInterfaceOrientationPortrait UIInterfaceOrientationPortraitUpsideDown UIInterfaceOrientationLandscapeLeft UIInterfaceOrientationLandscapeRight";
				INFOPLIST_KEY_UISupportedInterfaceOrientations_iPhone = "UIInterfaceOrientationPortrait UIInterfaceOrientationLandscapeLeft UIInterfaceOrientationLandscapeRight";
				LD_RUNPATH_SEARCH_PATHS = (
					"$(inherited)",
					"@executable_path/Frameworks",
				);
				MARKETING_VERSION = 1.0;
				PRODUCT_BUNDLE_IDENTIFIER = com.amanx.Avocados;
				PRODUCT_NAME = "$(TARGET_NAME)";
				SWIFT_EMIT_LOC_STRINGS = YES;
				SWIFT_VERSION = 5.0;
				TARGETED_DEVICE_FAMILY = "1,2";
			};
			name = Debug;
		};
		07353AE7282D062700697E1E /* Release */ = {
			isa = XCBuildConfiguration;
			buildSettings = {
				ASSETCATALOG_COMPILER_APPICON_NAME = AppIcon;
				ASSETCATALOG_COMPILER_GLOBAL_ACCENT_COLOR_NAME = AccentColor;
				CODE_SIGN_STYLE = Automatic;
				CURRENT_PROJECT_VERSION = 1;
				DEVELOPMENT_ASSET_PATHS = "\"Avocados/Preview Content\"";
				DEVELOPMENT_TEAM = HK6822P437;
				ENABLE_PREVIEWS = YES;
				GENERATE_INFOPLIST_FILE = YES;
				INFOPLIST_FILE = Avocados/Info.plist;
				INFOPLIST_KEY_UIApplicationSceneManifest_Generation = YES;
				INFOPLIST_KEY_UIApplicationSupportsIndirectInputEvents = YES;
				INFOPLIST_KEY_UILaunchScreen_Generation = YES;
				INFOPLIST_KEY_UILaunchStoryboardName = LaunchScreen;
				INFOPLIST_KEY_UISupportedInterfaceOrientations = UIInterfaceOrientationPortrait;
				INFOPLIST_KEY_UISupportedInterfaceOrientations_iPad = "UIInterfaceOrientationPortrait UIInterfaceOrientationPortraitUpsideDown UIInterfaceOrientationLandscapeLeft UIInterfaceOrientationLandscapeRight";
				INFOPLIST_KEY_UISupportedInterfaceOrientations_iPhone = "UIInterfaceOrientationPortrait UIInterfaceOrientationLandscapeLeft UIInterfaceOrientationLandscapeRight";
				LD_RUNPATH_SEARCH_PATHS = (
					"$(inherited)",
					"@executable_path/Frameworks",
				);
				MARKETING_VERSION = 1.0;
				PRODUCT_BUNDLE_IDENTIFIER = com.amanx.Avocados;
				PRODUCT_NAME = "$(TARGET_NAME)";
				SWIFT_EMIT_LOC_STRINGS = YES;
				SWIFT_VERSION = 5.0;
				TARGETED_DEVICE_FAMILY = "1,2";
			};
			name = Release;
		};
/* End XCBuildConfiguration section */

/* Begin XCConfigurationList section */
		07353AD2282D062200697E1E /* Build configuration list for PBXProject "Avocados" */ = {
			isa = XCConfigurationList;
			buildConfigurations = (
				07353AE3282D062700697E1E /* Debug */,
				07353AE4282D062700697E1E /* Release */,
			);
			defaultConfigurationIsVisible = 0;
			defaultConfigurationName = Release;
		};
		07353AE5282D062700697E1E /* Build configuration list for PBXNativeTarget "Avocados" */ = {
			isa = XCConfigurationList;
			buildConfigurations = (
				07353AE6282D062700697E1E /* Debug */,
				07353AE7282D062700697E1E /* Release */,
			);
			defaultConfigurationIsVisible = 0;
			defaultConfigurationName = Release;
		};
/* End XCConfigurationList section */
	};
	rootObject = 07353ACF282D062200697E1E /* Project object */;
}
